Microsoft Visual Studio Solution File, Format Version 12.00
# Visual Studio Version 17
VisualStudioVersion = 17.5.2.0
MinimumVisualStudioVersion = 10.0.40219.1
Project("{FAE04EC0-301F-11D3-BF4B-00C04F79EFBC}") = "consoleProject01", "consoleProject01.csproj", "{6A5F51AF-8C49-E17F-3149-A2AECDEC608F}"
EndProject
Global
	GlobalSection(SolutionConfigurationPlatforms) = preSolution
		Debug|Any CPU = Debug|Any CPU
		Release|Any CPU = Release|Any CPU
	EndGlobalSection
	GlobalSection(ProjectConfigurationPlatforms) = postSolution
		{6A5F51AF-8C49-E17F-3149-A2AECDEC608F}.Debug|Any CPU.ActiveCfg = Debug|Any CPU
		{6A5F51AF-8C49-E17F-3149-A2AECDEC608F}.Debug|Any CPU.Build.0 = Debug|Any CPU
		{6A5F51AF-8C49-E17F-3149-A2AECDEC608F}.Release|Any CPU.ActiveCfg = Release|Any CPU
		{6A5F51AF-8C49-E17F-3149-A2AECDEC608F}.Release|Any CPU.Build.0 = Release|Any CPU
	EndGlobalSection
	GlobalSection(SolutionProperties) = preSolution
		HideSolutionNode = FALSE
	EndGlobalSection
	GlobalSection(ExtensibilityGlobals) = postSolution
		SolutionGuid = {D29BBFAD-FE0C-4C65-A34C-3E6B95B68DCE}
	EndGlobalSection
EndGlobal
